
Microsoft Visual Studio Solution File, Format Version 12.00
# Visual Studio 2013
VisualStudioVersion = 12.0.31101.0
MinimumVisualStudioVersion = 10.0.40219.1
Project("{8BC9CEB8-8B4A-11D0-8D11-00A0C91BC942}") = "jjmake", "jjmake\jjmake.vcxproj", "{9A894767-9632-4970-B1D1-79017FB82E98}"
	ProjectSection(ProjectDependencies) = postProject
		{1BB2BD18-43F1-48AC-9282-4B8987A41380} = {1BB2BD18-43F1-48AC-9282-4B8987A41380}
		{AE078AD2-C841-4EB8-AB6D-FAC243E75D86} = {AE078AD2-C841-4EB8-AB6D-FAC243E75D86}
		{A33367D7-1FF3-467F-8257-FE5DF748809C} = {A33367D7-1FF3-467F-8257-FE5DF748809C}
	EndProjectSection
EndProject
Project("{8BC9CEB8-8B4A-11D0-8D11-00A0C91BC942}") = "junicode", "junicode\junicode.vcxproj", "{AE078AD2-C841-4EB8-AB6D-FAC243E75D86}"
	ProjectSection(ProjectDependencies) = postProject
		{05961D10-D1F7-4729-9F83-DA3C5D85D57B} = {05961D10-D1F7-4729-9F83-DA3C5D85D57B}
		{1BB2BD18-43F1-48AC-9282-4B8987A41380} = {1BB2BD18-43F1-48AC-9282-4B8987A41380}
	EndProjectSection
EndProject
Project("{8BC9CEB8-8B4A-11D0-8D11-00A0C91BC942}") = "junicode-gciter-data", "junicode\junicode-gciter-data.vcxproj", "{05961D10-D1F7-4729-9F83-DA3C5D85D57B}"
	ProjectSection(ProjectDependencies) = postProject
		{1BB2BD18-43F1-48AC-9282-4B8987A41380} = {1BB2BD18-43F1-48AC-9282-4B8987A41380}
	EndProjectSection
EndProject
Project("{8BC9CEB8-8B4A-11D0-8D11-00A0C91BC942}") = "josutils", "josutils\josutils.vcxproj", "{A33367D7-1FF3-467F-8257-FE5DF748809C}"
	ProjectSection(ProjectDependencies) = postProject
		{1BB2BD18-43F1-48AC-9282-4B8987A41380} = {1BB2BD18-43F1-48AC-9282-4B8987A41380}
	EndProjectSection
EndProject
Project("{8BC9CEB8-8B4A-11D0-8D11-00A0C91BC942}") = "jbase", "jbase\jbase.vcxproj", "{1BB2BD18-43F1-48AC-9282-4B8987A41380}"
EndProject
Project("{8BC9CEB8-8B4A-11D0-8D11-00A0C91BC942}") = "tests", "tests\tests.vcxproj", "{5A8B133F-A273-4314-BF29-42FA9C74556E}"
	ProjectSection(ProjectDependencies) = postProject
		{05961D10-D1F7-4729-9F83-DA3C5D85D57B} = {05961D10-D1F7-4729-9F83-DA3C5D85D57B}
		{1BB2BD18-43F1-48AC-9282-4B8987A41380} = {1BB2BD18-43F1-48AC-9282-4B8987A41380}
		{9A894767-9632-4970-B1D1-79017FB82E98} = {9A894767-9632-4970-B1D1-79017FB82E98}
		{AE078AD2-C841-4EB8-AB6D-FAC243E75D86} = {AE078AD2-C841-4EB8-AB6D-FAC243E75D86}
		{A33367D7-1FF3-467F-8257-FE5DF748809C} = {A33367D7-1FF3-467F-8257-FE5DF748809C}
	EndProjectSection
EndProject
Global
	GlobalSection(SolutionConfigurationPlatforms) = preSolution
		Debug|Win32 = Debug|Win32
		Debug|x64 = Debug|x64
		Release|Win32 = Release|Win32
		Release|x64 = Release|x64
	EndGlobalSection
	GlobalSection(ProjectConfigurationPlatforms) = postSolution
		{9A894767-9632-4970-B1D1-79017FB82E98}.Debug|Win32.ActiveCfg = Debug|Win32
		{9A894767-9632-4970-B1D1-79017FB82E98}.Debug|Win32.Build.0 = Debug|Win32
		{9A894767-9632-4970-B1D1-79017FB82E98}.Debug|x64.ActiveCfg = Debug|x64
		{9A894767-9632-4970-B1D1-79017FB82E98}.Debug|x64.Build.0 = Debug|x64
		{9A894767-9632-4970-B1D1-79017FB82E98}.Release|Win32.ActiveCfg = Release|Win32
		{9A894767-9632-4970-B1D1-79017FB82E98}.Release|Win32.Build.0 = Release|Win32
		{9A894767-9632-4970-B1D1-79017FB82E98}.Release|x64.ActiveCfg = Release|x64
		{9A894767-9632-4970-B1D1-79017FB82E98}.Release|x64.Build.0 = Release|x64
		{AE078AD2-C841-4EB8-AB6D-FAC243E75D86}.Debug|Win32.ActiveCfg = Debug|Win32
		{AE078AD2-C841-4EB8-AB6D-FAC243E75D86}.Debug|Win32.Build.0 = Debug|Win32
		{AE078AD2-C841-4EB8-AB6D-FAC243E75D86}.Debug|x64.ActiveCfg = Debug|x64
		{AE078AD2-C841-4EB8-AB6D-FAC243E75D86}.Debug|x64.Build.0 = Debug|x64
		{AE078AD2-C841-4EB8-AB6D-FAC243E75D86}.Release|Win32.ActiveCfg = Release|Win32
		{AE078AD2-C841-4EB8-AB6D-FAC243E75D86}.Release|Win32.Build.0 = Release|Win32
		{AE078AD2-C841-4EB8-AB6D-FAC243E75D86}.Release|x64.ActiveCfg = Release|x64
		{AE078AD2-C841-4EB8-AB6D-FAC243E75D86}.Release|x64.Build.0 = Release|x64
		{05961D10-D1F7-4729-9F83-DA3C5D85D57B}.Debug|Win32.ActiveCfg = Debug|Win32
		{05961D10-D1F7-4729-9F83-DA3C5D85D57B}.Debug|Win32.Build.0 = Debug|Win32
		{05961D10-D1F7-4729-9F83-DA3C5D85D57B}.Debug|x64.ActiveCfg = Debug|x64
		{05961D10-D1F7-4729-9F83-DA3C5D85D57B}.Debug|x64.Build.0 = Debug|x64
		{05961D10-D1F7-4729-9F83-DA3C5D85D57B}.Release|Win32.ActiveCfg = Release|Win32
		{05961D10-D1F7-4729-9F83-DA3C5D85D57B}.Release|Win32.Build.0 = Release|Win32
		{05961D10-D1F7-4729-9F83-DA3C5D85D57B}.Release|x64.ActiveCfg = Release|x64
		{05961D10-D1F7-4729-9F83-DA3C5D85D57B}.Release|x64.Build.0 = Release|x64
		{A33367D7-1FF3-467F-8257-FE5DF748809C}.Debug|Win32.ActiveCfg = Debug|Win32
		{A33367D7-1FF3-467F-8257-FE5DF748809C}.Debug|Win32.Build.0 = Debug|Win32
		{A33367D7-1FF3-467F-8257-FE5DF748809C}.Debug|x64.ActiveCfg = Debug|x64
		{A33367D7-1FF3-467F-8257-FE5DF748809C}.Debug|x64.Build.0 = Debug|x64
		{A33367D7-1FF3-467F-8257-FE5DF748809C}.Release|Win32.ActiveCfg = Release|Win32
		{A33367D7-1FF3-467F-8257-FE5DF748809C}.Release|Win32.Build.0 = Release|Win32
		{A33367D7-1FF3-467F-8257-FE5DF748809C}.Release|x64.ActiveCfg = Release|x64
		{A33367D7-1FF3-467F-8257-FE5DF748809C}.Release|x64.Build.0 = Release|x64
		{1BB2BD18-43F1-48AC-9282-4B8987A41380}.Debug|Win32.ActiveCfg = Debug|Win32
		{1BB2BD18-43F1-48AC-9282-4B8987A41380}.Debug|Win32.Build.0 = Debug|Win32
		{1BB2BD18-43F1-48AC-9282-4B8987A41380}.Debug|x64.ActiveCfg = Debug|x64
		{1BB2BD18-43F1-48AC-9282-4B8987A41380}.Debug|x64.Build.0 = Debug|x64
		{1BB2BD18-43F1-48AC-9282-4B8987A41380}.Release|Win32.ActiveCfg = Release|Win32
		{1BB2BD18-43F1-48AC-9282-4B8987A41380}.Release|Win32.Build.0 = Release|Win32
		{1BB2BD18-43F1-48AC-9282-4B8987A41380}.Release|x64.ActiveCfg = Release|x64
		{1BB2BD18-43F1-48AC-9282-4B8987A41380}.Release|x64.Build.0 = Release|x64
		{5A8B133F-A273-4314-BF29-42FA9C74556E}.Debug|Win32.ActiveCfg = Debug|Win32
		{5A8B133F-A273-4314-BF29-42FA9C74556E}.Debug|Win32.Build.0 = Debug|Win32
		{5A8B133F-A273-4314-BF29-42FA9C74556E}.Debug|x64.ActiveCfg = Debug|x64
		{5A8B133F-A273-4314-BF29-42FA9C74556E}.Debug|x64.Build.0 = Debug|x64
		{5A8B133F-A273-4314-BF29-42FA9C74556E}.Release|Win32.ActiveCfg = Release|Win32
		{5A8B133F-A273-4314-BF29-42FA9C74556E}.Release|Win32.Build.0 = Release|Win32
		{5A8B133F-A273-4314-BF29-42FA9C74556E}.Release|x64.ActiveCfg = Release|x64
		{5A8B133F-A273-4314-BF29-42FA9C74556E}.Release|x64.Build.0 = Release|x64
	EndGlobalSection
	GlobalSection(SolutionProperties) = preSolution
		HideSolutionNode = FALSE
	EndGlobalSection
EndGlobal
